// !$*UTF8*$!
{
	archiveVersion = 1;
	classes = {
	};
	objectVersion = 46;
	objects = {

/* Begin PBXBuildFile section */
		15820BBF529379C2F6393347 /* Pods_DemoTests.framework in Frameworks */ = {isa = PBXBuildFile; fileRef = 3C67A00A6ED503E2F83359A6 /* Pods_DemoTests.framework */; };
		2240C9380D7FF06CE201180D /* Pods_Demo.framework in Frameworks */ = {isa = PBXBuildFile; fileRef = 0620134ACAC01F6BC81CB946 /* Pods_Demo.framework */; };
		6B1715A31DDD97F80086237C /* main.m in Sources */ = {isa = PBXBuildFile; fileRef = 6B1715A21DDD97F80086237C /* main.m */; };
		6B1715A61DDD97F80086237C /* AppDelegate.m in Sources */ = {isa = PBXBuildFile; fileRef = 6B1715A51DDD97F80086237C /* AppDelegate.m */; };
		6B1715A91DDD97F80086237C /* ViewController.m in Sources */ = {isa = PBXBuildFile; fileRef = 6B1715A81DDD97F80086237C /* ViewController.m */; };
		6B1715AC1DDD97F80086237C /* Main.storyboard in Resources */ = {isa = PBXBuildFile; fileRef = 6B1715AA1DDD97F80086237C /* Main.storyboard */; };
		6B1715AE1DDD97F80086237C /* Assets.xcassets in Resources */ = {isa = PBXBuildFile; fileRef = 6B1715AD1DDD97F80086237C /* Assets.xcassets */; };
		6B1715B11DDD97F80086237C /* LaunchScreen.storyboard in Resources */ = {isa = PBXBuildFile; fileRef = 6B1715AF1DDD97F80086237C /* LaunchScreen.storyboard */; };
		6B1715BC1DDD97F90086237C /* DemoTests.m in Sources */ = {isa = PBXBuildFile; fileRef = 6B1715BB1DDD97F90086237C /* DemoTests.m */; };
		6B1715C71DDD97F90086237C /* DemoUITests.m in Sources */ = {isa = PBXBuildFile; fileRef = 6B1715C61DDD97F90086237C /* DemoUITests.m */; };
		6B1715D71DDD99C70086237C /* PengKSlideMenu.m in Sources */ = {isa = PBXBuildFile; fileRef = 6B1715D61DDD99C70086237C /* PengKSlideMenu.m */; };
		6E0F66F23A1E89985BD04984 /* Pods_Demo_DemoUITests.framework in Frameworks */ = {isa = PBXBuildFile; fileRef = E7EBBE1AF620B8924DB180C2 /* Pods_Demo_DemoUITests.framework */; };
/* End PBXBuildFile section */

/* Begin PBXContainerItemProxy section */
		6B1715B81DDD97F90086237C /* PBXContainerItemProxy */ = {
			isa = PBXContainerItemProxy;
			containerPortal = 6B1715961DDD97F80086237C /* Project object */;
			proxyType = 1;
			remoteGlobalIDString = 6B17159D1DDD97F80086237C;
			remoteInfo = Demo;
		};
		6B1715C31DDD97F90086237C /* PBXContainerItemProxy */ = {
			isa = PBXContainerItemProxy;
			containerPortal = 6B1715961DDD97F80086237C /* Project object */;
			proxyType = 1;
			remoteGlobalIDString = 6B17159D1DDD97F80086237C;
			remoteInfo = Demo;
		};
/* End PBXContainerItemProxy section */

/* Begin PBXFileReference section */
		0620134ACAC01F6BC81CB946 /* Pods_Demo.framework */ = {isa = PBXFileReference; explicitFileType = wrapper.framework; includeInIndex = 0; path = Pods_Demo.framework; sourceTree = BUILT_PRODUCTS_DIR; };
		0A3B5EBBE3A7433196B4DB40 /* Pods-DemoTests.debug.xcconfig */ = {isa = PBXFileReference; includeInIndex = 1; lastKnownFileType = text.xcconfig; name = "Pods-DemoTests.debug.xcconfig"; path = "Target Support Files/Pods-DemoTests/Pods-DemoTests.debug.xcconfig"; sourceTree = "<group>"; };
		0E20327C9549EEEC9422946F /* Pods-Demo.debug.xcconfig */ = {isa = PBXFileReference; includeInIndex = 1; lastKnownFileType = text.xcconfig; name = "Pods-Demo.debug.xcconfig"; path = "Target Support Files/Pods-Demo/Pods-Demo.debug.xcconfig"; sourceTree = "<group>"; };
		3C67A00A6ED503E2F83359A6 /* Pods_DemoTests.framework */ = {isa = PBXFileReference; explicitFileType = wrapper.framework; includeInIndex = 0; path = Pods_DemoTests.framework; sourceTree = BUILT_PRODUCTS_DIR; };
		6B17159E1DDD97F80086237C /* Demo.app */ = {isa = PBXFileReference; explicitFileType = wrapper.application; includeInIndex = 0; path = Demo.app; sourceTree = BUILT_PRODUCTS_DIR; };
		6B1715A21DDD97F80086237C /* main.m */ = {isa = PBXFileReference; lastKnownFileType = sourcecode.c.objc; path = main.m; sourceTree = "<group>"; };
		6B1715A41DDD97F80086237C /* AppDelegate.h */ = {isa = PBXFileReference; lastKnownFileType = sourcecode.c.h; path = AppDelegate.h; sourceTree = "<group>"; };
		6B1715A51DDD97F80086237C /* AppDelegate.m */ = {isa = PBXFileReference; lastKnownFileType = sourcecode.c.objc; path = AppDelegate.m; sourceTree = "<group>"; };
		6B1715A71DDD97F80086237C /* ViewController.h */ = {isa = PBXFileReference; lastKnownFileType = sourcecode.c.h; path = ViewController.h; sourceTree = "<group>"; };
		6B1715A81DDD97F80086237C /* ViewController.m */ = {isa = PBXFileReference; lastKnownFileType = sourcecode.c.objc; path = ViewController.m; sourceTree = "<group>"; };
		6B1715AB1DDD97F80086237C /* Base */ = {isa = PBXFileReference; lastKnownFileType = file.storyboard; name = Base; path = Base.lproj/Main.storyboard; sourceTree = "<group>"; };
		6B1715AD1DDD97F80086237C /* Assets.xcassets */ = {isa = PBXFileReference; lastKnownFileType = folder.assetcatalog; path = Assets.xcassets; sourceTree = "<group>"; };
		6B1715B01DDD97F80086237C /* Base */ = {isa = PBXFileReference; lastKnownFileType = file.storyboard; name = Base; path = Base.lproj/LaunchScreen.storyboard; sourceTree = "<group>"; };
		6B1715B21DDD97F80086237C /* Info.plist */ = {isa = PBXFileReference; lastKnownFileType = text.plist.xml; path = Info.plist; sourceTree = "<group>"; };
		6B1715B71DDD97F90086237C /* DemoTests.xctest */ = {isa = PBXFileReference; explicitFileType = wrapper.cfbundle; includeInIndex = 0; path = DemoTests.xctest; sourceTree = BUILT_PRODUCTS_DIR; };
		6B1715BB1DDD97F90086237C /* DemoTests.m */ = {isa = PBXFileReference; lastKnownFileType = sourcecode.c.objc; path = DemoTests.m; sourceTree = "<group>"; };
		6B1715BD1DDD97F90086237C /* Info.plist */ = {isa = PBXFileReference; lastKnownFileType = text.plist.xml; path = Info.plist; sourceTree = "<group>"; };
		6B1715C21DDD97F90086237C /* DemoUITests.xctest */ = {isa = PBXFileReference; explicitFileType = wrapper.cfbundle; includeInIndex = 0; path = DemoUITests.xctest; sourceTree = BUILT_PRODUCTS_DIR; };
		6B1715C61DDD97F90086237C /* DemoUITests.m */ = {isa = PBXFileReference; lastKnownFileType = sourcecode.c.objc; path = DemoUITests.m; sourceTree = "<group>"; };
		6B1715C81DDD97F90086237C /* Info.plist */ = {isa = PBXFileReference; lastKnownFileType = text.plist.xml; path = Info.plist; sourceTree = "<group>"; };
		6B1715D51DDD99C70086237C /* PengKSlideMenu.h */ = {isa = PBXFileReference; fileEncoding = 4; lastKnownFileType = sourcecode.c.h; path = PengKSlideMenu.h; sourceTree = "<group>"; };
		6B1715D61DDD99C70086237C /* PengKSlideMenu.m */ = {isa = PBXFileReference; fileEncoding = 4; lastKnownFileType = sourcecode.c.objc; path = PengKSlideMenu.m; sourceTree = "<group>"; };
		81118260D9C23FC57782559B /* Pods-Demo-DemoUITests.release.xcconfig */ = {isa = PBXFileReference; includeInIndex = 1; lastKnownFileType = text.xcconfig; name = "Pods-Demo-DemoUITests.release.xcconfig"; path = "Target Support Files/Pods-Demo-DemoUITests/Pods-Demo-DemoUITests.release.xcconfig"; sourceTree = "<group>"; };
		A85EACD03616AE94243C2C01 /* Pods-DemoTests.release.xcconfig */ = {isa = PBXFileReference; includeInIndex = 1; lastKnownFileType = text.xcconfig; name = "Pods-DemoTests.release.xcconfig"; path = "Target Support Files/Pods-DemoTests/Pods-DemoTests.release.xcconfig"; sourceTree = "<group>"; };
		ACC32D73E5EC70221BD4BEC4 /* Pods-Demo.release.xcconfig */ = {isa = PBXFileReference; includeInIndex = 1; lastKnownFileType = text.xcconfig; name = "Pods-Demo.release.xcconfig"; path = "Target Support Files/Pods-Demo/Pods-Demo.release.xcconfig"; sourceTree = "<group>"; };
		CFAC2F51EEBDCFF2116D9B67 /* Pods-Demo-DemoUITests.debug.xcconfig */ = {isa = PBXFileReference; includeInIndex = 1; lastKnownFileType = text.xcconfig; name = "Pods-Demo-DemoUITests.debug.xcconfig"; path = "Target Support Files/Pods-Demo-DemoUITests/Pods-Demo-DemoUITests.debug.xcconfig"; sourceTree = "<group>"; };
		E7EBBE1AF620B8924DB180C2 /* Pods_Demo_DemoUITests.framework */ = {isa = PBXFileReference; explicitFileType = wrapper.framework; includeInIndex = 0; path = Pods_Demo_DemoUITests.framework; sourceTree = BUILT_PRODUCTS_DIR; };
/* End PBXFileReference section */

/* Begin PBXFrameworksBuildPhase section */
		6B17159B1DDD97F80086237C /* Frameworks */ = {
			isa = PBXFrameworksBuildPhase;
			buildActionMask = 2147483647;
			files = (
				2240C9380D7FF06CE201180D /* Pods_Demo.framework in Frameworks */,
			);
			runOnlyForDeploymentPostprocessing = 0;
		};
		6B1715B41DDD97F90086237C /* Frameworks */ = {
			isa = PBXFrameworksBuildPhase;
			buildActionMask = 2147483647;
			files = (
				15820BBF529379C2F6393347 /* Pods_DemoTests.framework in Frameworks */,
			);
			runOnlyForDeploymentPostprocessing = 0;
		};
		6B1715BF1DDD97F90086237C /* Frameworks */ = {
			isa = PBXFrameworksBuildPhase;
			buildActionMask = 2147483647;
			files = (
				6E0F66F23A1E89985BD04984 /* Pods_Demo_DemoUITests.framework in Frameworks */,
			);
			runOnlyForDeploymentPostprocessing = 0;
		};
/* End PBXFrameworksBuildPhase section */

/* Begin PBXGroup section */
		6B1715951DDD97F80086237C = {
			isa = PBXGroup;
			children = (
				6B1715A01DDD97F80086237C /* Demo */,
				6B1715BA1DDD97F90086237C /* DemoTests */,
				6B1715C51DDD97F90086237C /* DemoUITests */,
				6B17159F1DDD97F80086237C /* Products */,
				AC8D8458832520E9B38FF178 /* Pods */,
				B32A5F57C715A6F87D162498 /* Frameworks */,
			);
			sourceTree = "<group>";
		};
		6B17159F1DDD97F80086237C /* Products */ = {
			isa = PBXGroup;
			children = (
				6B17159E1DDD97F80086237C /* Demo.app */,
				6B1715B71DDD97F90086237C /* DemoTests.xctest */,
				6B1715C21DDD97F90086237C /* DemoUITests.xctest */,
			);
			name = Products;
			sourceTree = "<group>";
		};
		6B1715A01DDD97F80086237C /* Demo */ = {
			isa = PBXGroup;
			children = (
				6B1715A41DDD97F80086237C /* AppDelegate.h */,
				6B1715A51DDD97F80086237C /* AppDelegate.m */,
				6B1715A71DDD97F80086237C /* ViewController.h */,
				6B1715A81DDD97F80086237C /* ViewController.m */,
				6B1715D41DDD99C70086237C /* class */,
				6B1715AA1DDD97F80086237C /* Main.storyboard */,
				6B1715AD1DDD97F80086237C /* Assets.xcassets */,
				6B1715AF1DDD97F80086237C /* LaunchScreen.storyboard */,
				6B1715B21DDD97F80086237C /* Info.plist */,
				6B1715A11DDD97F80086237C /* Supporting Files */,
			);
			path = Demo;
			sourceTree = "<group>";
		};
		6B1715A11DDD97F80086237C /* Supporting Files */ = {
			isa = PBXGroup;
			children = (
				6B1715A21DDD97F80086237C /* main.m */,
			);
			name = "Supporting Files";
			sourceTree = "<group>";
		};
		6B1715BA1DDD97F90086237C /* DemoTests */ = {
			isa = PBXGroup;
			children = (
				6B1715BB1DDD97F90086237C /* DemoTests.m */,
				6B1715BD1DDD97F90086237C /* Info.plist */,
			);
			path = DemoTests;
			sourceTree = "<group>";
		};
		6B1715C51DDD97F90086237C /* DemoUITests */ = {
			isa = PBXGroup;
			children = (
				6B1715C61DDD97F90086237C /* DemoUITests.m */,
				6B1715C81DDD97F90086237C /* Info.plist */,
			);
			path = DemoUITests;
			sourceTree = "<group>";
		};
		6B1715D41DDD99C70086237C /* class */ = {
			isa = PBXGroup;
			children = (
				6B1715D51DDD99C70086237C /* PengKSlideMenu.h */,
				6B1715D61DDD99C70086237C /* PengKSlideMenu.m */,
			);
			path = class;
			sourceTree = "<group>";
		};
		AC8D8458832520E9B38FF178 /* Pods */ = {
			isa = PBXGroup;
			children = (
				0E20327C9549EEEC9422946F /* Pods-Demo.debug.xcconfig */,
				ACC32D73E5EC70221BD4BEC4 /* Pods-Demo.release.xcconfig */,
				CFAC2F51EEBDCFF2116D9B67 /* Pods-Demo-DemoUITests.debug.xcconfig */,
				81118260D9C23FC57782559B /* Pods-Demo-DemoUITests.release.xcconfig */,
				0A3B5EBBE3A7433196B4DB40 /* Pods-DemoTests.debug.xcconfig */,
				A85EACD03616AE94243C2C01 /* Pods-DemoTests.release.xcconfig */,
			);
			name = Pods;
			path = Pods;
			sourceTree = "<group>";
		};
		B32A5F57C715A6F87D162498 /* Frameworks */ = {
			isa = PBXGroup;
			children = (
				0620134ACAC01F6BC81CB946 /* Pods_Demo.framework */,
				E7EBBE1AF620B8924DB180C2 /* Pods_Demo_DemoUITests.framework */,
				3C67A00A6ED503E2F83359A6 /* Pods_DemoTests.framework */,
			);
			name = Frameworks;
			sourceTree = "<group>";
		};
/* End PBXGroup section */

/* Begin PBXNativeTarget section */
		6B17159D1DDD97F80086237C /* Demo */ = {
			isa = PBXNativeTarget;
			buildConfigurationList = 6B1715CB1DDD97F90086237C /* Build configuration list for PBXNativeTarget "Demo" */;
			buildPhases = (
				6CA821F2DD9D437BD52B106C /* [CP] Check Pods Manifest.lock */,
				6B17159A1DDD97F80086237C /* Sources */,
				6B17159B1DDD97F80086237C /* Frameworks */,
				6B17159C1DDD97F80086237C /* Resources */,
				2ABD962F0CD6E24B5B5C9612 /* [CP] Embed Pods Frameworks */,
			);
			buildRules = (
			);
			dependencies = (
			);
			name = Demo;
			productName = Demo;
			productReference = 6B17159E1DDD97F80086237C /* Demo.app */;
			productType = "com.apple.product-type.application";
		};
		6B1715B61DDD97F90086237C /* DemoTests */ = {
			isa = PBXNativeTarget;
			buildConfigurationList = 6B1715CE1DDD97F90086237C /* Build configuration list for PBXNativeTarget "DemoTests" */;
			buildPhases = (
				A18066459B2B13753A8B8C73 /* [CP] Check Pods Manifest.lock */,
				6B1715B31DDD97F90086237C /* Sources */,
				6B1715B41DDD97F90086237C /* Frameworks */,
				6B1715B51DDD97F90086237C /* Resources */,
			);
			buildRules = (
			);
			dependencies = (
				6B1715B91DDD97F90086237C /* PBXTargetDependency */,
			);
			name = DemoTests;
			productName = DemoTests;
			productReference = 6B1715B71DDD97F90086237C /* DemoTests.xctest */;
			productType = "com.apple.product-type.bundle.unit-test";
		};
		6B1715C11DDD97F90086237C /* DemoUITests */ = {
			isa = PBXNativeTarget;
			buildConfigurationList = 6B1715D11DDD97F90086237C /* Build configuration list for PBXNativeTarget "DemoUITests" */;
			buildPhases = (
				36F5A32D8043BFDEE02755EA /* [CP] Check Pods Manifest.lock */,
				6B1715BE1DDD97F90086237C /* Sources */,
				6B1715BF1DDD97F90086237C /* Frameworks */,
				6B1715C01DDD97F90086237C /* Resources */,
				F6F7B55497C43AFBC30DA655 /* [CP] Embed Pods Frameworks */,
			);
			buildRules = (
			);
			dependencies = (
				6B1715C41DDD97F90086237C /* PBXTargetDependency */,
			);
			name = DemoUITests;
			productName = DemoUITests;
			productReference = 6B1715C21DDD97F90086237C /* DemoUITests.xctest */;
			productType = "com.apple.product-type.bundle.ui-testing";
		};
/* End PBXNativeTarget section */

/* Begin PBXProject section */
		6B1715961DDD97F80086237C /* Project object */ = {
			isa = PBXProject;
			attributes = {
				LastUpgradeCheck = 0810;
				ORGANIZATIONNAME = pengkang;
				TargetAttributes = {
					6B17159D1DDD97F80086237C = {
						CreatedOnToolsVersion = 8.1;
						ProvisioningStyle = Automatic;
					};
					6B1715B61DDD97F90086237C = {
						CreatedOnToolsVersion = 8.1;
						ProvisioningStyle = Automatic;
						TestTargetID = 6B17159D1DDD97F80086237C;
					};
					6B1715C11DDD97F90086237C = {
						CreatedOnToolsVersion = 8.1;
						ProvisioningStyle = Automatic;
						TestTargetID = 6B17159D1DDD97F80086237C;
					};
				};
			};
			buildConfigurationList = 6B1715991DDD97F80086237C /* Build configuration list for PBXProject "Demo" */;
			compatibilityVersion = "Xcode 3.2";
			developmentRegion = English;
			hasScannedForEncodings = 0;
			knownRegions = (
				en,
				Base,
			);
			mainGroup = 6B1715951DDD97F80086237C;
			productRefGroup = 6B17159F1DDD97F80086237C /* Products */;
			projectDirPath = "";
			projectRoot = "";
			targets = (
				6B17159D1DDD97F80086237C /* Demo */,
				6B1715B61DDD97F90086237C /* DemoTests */,
				6B1715C11DDD97F90086237C /* DemoUITests */,
			);
		};
/* End PBXProject section */

/* Begin PBXResourcesBuildPhase section */
		6B17159C1DDD97F80086237C /* Resources */ = {
			isa = PBXResourcesBuildPhase;
			buildActionMask = 2147483647;
			files = (
				6B1715B11DDD97F80086237C /* LaunchScreen.storyboard in Resources */,
				6B1715AE1DDD97F80086237C /* Assets.xcassets in Resources */,
				6B1715AC1DDD97F80086237C /* Main.storyboard in Resources */,
			);
			runOnlyForDeploymentPostprocessing = 0;
		};
		6B1715B51DDD97F90086237C /* Resources */ = {
			isa = PBXResourcesBuildPhase;
			buildActionMask = 2147483647;
			files = (
			);
			runOnlyForDeploymentPostprocessing = 0;
		};
		6B1715C01DDD97F90086237C /* Resources */ = {
			isa = PBXResourcesBuildPhase;
			buildActionMask = 2147483647;
			files = (
			);
			runOnlyForDeploymentPostprocessing = 0;
		};
/* End PBXResourcesBuildPhase section */

/* Begin PBXShellScriptBuildPhase section */
		2ABD962F0CD6E24B5B5C9612 /* [CP] Embed Pods Frameworks */ = {
			isa = PBXShellScriptBuildPhase;
			buildActionMask = 2147483647;
			files = (
			);
			inputPaths = (
				"${PODS_ROOT}/Target Support Files/Pods-Demo/Pods-Demo-frameworks.sh",
				"${BUILT_PRODUCTS_DIR}/AFNetworking/AFNetworking.framework",
			);
			name = "[CP] Embed Pods Frameworks";
			outputPaths = (
				"${TARGET_BUILD_DIR}/${FRAMEWORKS_FOLDER_PATH}/AFNetworking.framework",
			);
			runOnlyForDeploymentPostprocessing = 0;
			shellPath = /bin/sh;
			shellScript = "\"${PODS_ROOT}/Target Support Files/Pods-Demo/Pods-Demo-frameworks.sh\"\n";
			showEnvVarsInLog = 0;
		};
		36F5A32D8043BFDEE02755EA /* [CP] Check Pods Manifest.lock */ = {
			isa = PBXShellScriptBuildPhase;
			buildActionMask = 2147483647;
			files = (
			);
			inputFileListPaths = (
			);
			inputPaths = (
				"${PODS_PODFILE_DIR_PATH}/Podfile.lock",
				"${PODS_ROOT}/Manifest.lock",
			);
			name = "[CP] Check Pods Manifest.lock";
			outputFileListPaths = (
			);
			outputPaths = (
				"$(DERIVED_FILE_DIR)/Pods-Demo-DemoUITests-checkManifestLockResult.txt",
			);
			runOnlyForDeploymentPostprocessing = 0;
			shellPath = /bin/sh;
			shellScript = "diff \"${PODS_PODFILE_DIR_PATH}/Podfile.lock\" \"${PODS_ROOT}/Manifest.lock\" > /dev/null\nif [ $? != 0 ] ; then\n    # print error to STDERR\n    echo \"error: The sandbox is not in sync with the Podfile.lock. Run 'pod install' or update your CocoaPods installation.\" >&2\n    exit 1\nfi\n# This output is used by Xcode 'outputs' to avoid re-running this script phase.\necho \"SUCCESS\" > \"${SCRIPT_OUTPUT_FILE_0}\"\n";
			showEnvVarsInLog = 0;
		};
		6CA821F2DD9D437BD52B106C /* [CP] Check Pods Manifest.lock */ = {
			isa = PBXShellScriptBuildPhase;
			buildActionMask = 2147483647;
			files = (
			);
			inputFileListPaths = (
			);
			inputPaths = (
				"${PODS_PODFILE_DIR_PATH}/Podfile.lock",
				"${PODS_ROOT}/Manifest.lock",
			);
			name = "[CP] Check Pods Manifest.lock";
			outputFileListPaths = (
			);
			outputPaths = (
				"$(DERIVED_FILE_DIR)/Pods-Demo-checkManifestLockResult.txt",
			);
			runOnlyForDeploymentPostprocessing = 0;
			shellPath = /bin/sh;
			shellScript = "diff \"${PODS_PODFILE_DIR_PATH}/Podfile.lock\" \"${PODS_ROOT}/Manifest.lock\" > /dev/null\nif [ $? != 0 ] ; then\n    # print error to STDERR\n    echo \"error: The sandbox is not in sync with the Podfile.lock. Run 'pod install' or update your CocoaPods installation.\" >&2\n    exit 1\nfi\n# This output is used by Xcode 'outputs' to avoid re-running this script phase.\necho \"SUCCESS\" > \"${SCRIPT_OUTPUT_FILE_0}\"\n";
			showEnvVarsInLog = 0;
		};
		A18066459B2B13753A8B8C73 /* [CP] Check Pods Manifest.lock */ = {
			isa = PBXShellScriptBuildPhase;
			buildActionMask = 2147483647;
			files = (
			);
			inputFileListPaths = (
			);
			inputPaths = (
				"${PODS_PODFILE_DIR_PATH}/Podfile.lock",
				"${PODS_ROOT}/Manifest.lock",
			);
			name = "[CP] Check Pods Manifest.lock";
			outputFileListPaths = (
			);
			outputPaths = (
				"$(DERIVED_FILE_DIR)/Pods-DemoTests-checkManifestLockResult.txt",
			);
			runOnlyForDeploymentPostprocessing = 0;
			shellPath = /bin/sh;
			shellScript = "diff \"${PODS_PODFILE_DIR_PATH}/Podfile.lock\" \"${PODS_ROOT}/Manifest.lock\" > /dev/null\nif [ $? != 0 ] ; then\n    # print error to STDERR\n    echo \"error: The sandbox is not in sync with the Podfile.lock. Run 'pod install' or update your CocoaPods installation.\" >&2\n    exit 1\nfi\n# This output is used by Xcode 'outputs' to avoid re-running this script phase.\necho \"SUCCESS\" > \"${SCRIPT_OUTPUT_FILE_0}\"\n";
			showEnvVarsInLog = 0;
		};
		F6F7B55497C43AFBC30DA655 /* [CP] Embed Pods Frameworks */ = {
			isa = PBXShellScriptBuildPhase;
			buildActionMask = 2147483647;
			files = (
			);
			inputPaths = (
				"${PODS_ROOT}/Target Support Files/Pods-Demo-DemoUITests/Pods-Demo-DemoUITests-frameworks.sh",
				"${BUILT_PRODUCTS_DIR}/AFNetworking/AFNetworking.framework",
			);
			name = "[CP] Embed Pods Frameworks";
			outputPaths = (
				"${TARGET_BUILD_DIR}/${FRAMEWORKS_FOLDER_PATH}/AFNetworking.framework",
			);
			runOnlyForDeploymentPostprocessing = 0;
			shellPath = /bin/sh;
			shellScript = "\"${PODS_ROOT}/Target Support Files/Pods-Demo-DemoUITests/Pods-Demo-DemoUITests-frameworks.sh\"\n";
			showEnvVarsInLog = 0;
		};
/* End PBXShellScriptBuildPhase section */

/* Begin PBXSourcesBuildPhase section */
		6B17159A1DDD97F80086237C /* Sources */ = {
			isa = PBXSourcesBuildPhase;
			buildActionMask = 2147483647;
			files = (
				6B1715A91DDD97F80086237C /* ViewController.m in Sources */,
				6B1715A61DDD97F80086237C /* AppDelegate.m in Sources */,
				6B1715D71DDD99C70086237C /* PengKSlideMenu.m in Sources */,
				6B1715A31DDD97F80086237C /* main.m in Sources */,
			);
			runOnlyForDeploymentPostprocessing = 0;
		};
		6B1715B31DDD97F90086237C /* Sources */ = {
			isa = PBXSourcesBuildPhase;
			buildActionMask = 2147483647;
			files = (
				6B1715BC1DDD97F90086237C /* DemoTests.m in Sources */,
			);
			runOnlyForDeploymentPostprocessing = 0;
		};
		6B1715BE1DDD97F90086237C /* Sources */ = {
			isa = PBXSourcesBuildPhase;
			buildActionMask = 2147483647;
			files = (
				6B1715C71DDD97F90086237C /* DemoUITests.m in Sources */,
			);
			runOnlyForDeploymentPostprocessing = 0;
		};
/* End PBXSourcesBuildPhase section */

/* Begin PBXTargetDependency section */
		6B1715B91DDD97F90086237C /* PBXTargetDependency */ = {
			isa = PBXTargetDependency;
			target = 6B17159D1DDD97F80086237C /* Demo */;
			targetProxy = 6B1715B81DDD97F90086237C /* PBXContainerItemProxy */;
		};
		6B1715C41DDD97F90086237C /* PBXTargetDependency */ = {
			isa = PBXTargetDependency;
			target = 6B17159D1DDD97F80086237C /* Demo */;
			targetProxy = 6B1715C31DDD97F90086237C /* PBXContainerItemProxy */;
		};
/* End PBXTargetDependency section */

/* Begin PBXVariantGroup section */
		6B1715AA1DDD97F80086237C /* Main.storyboard */ = {
			isa = PBXVariantGroup;
			children = (
				6B1715AB1DDD97F80086237C /* Base */,
			);
			name = Main.storyboard;
			sourceTree = "<group>";
		};
		6B1715AF1DDD97F80086237C /* LaunchScreen.storyboard */ = {
			isa = PBXVariantGroup;
			children = (
				6B1715B01DDD97F80086237C /* Base */,
			);
			name = LaunchScreen.storyboard;
			sourceTree = "<group>";
		};
/* End PBXVariantGroup section */

/* Begin XCBuildConfiguration section */
		6B1715C91DDD97F90086237C /* Debug */ = {
			isa = XCBuildConfiguration;
			buildSettings = {
				ALWAYS_SEARCH_USER_PATHS = NO;
				CLANG_ANALYZER_NONNULL = YES;
				CLANG_CXX_LANGUAGE_STANDARD = "gnu++0x";
				CLANG_CXX_LIBRARY = "libc++";
				CLANG_ENABLE_MODULES = YES;
				CLANG_ENABLE_OBJC_ARC = YES;
				CLANG_WARN_BOOL_CONVERSION = YES;
				CLANG_WARN_CONSTANT_CONVERSION = YES;
				CLANG_WARN_DIRECT_OBJC_ISA_USAGE = YES_ERROR;
				CLANG_WARN_DOCUMENTATION_COMMENTS = YES;
				CLANG_WARN_EMPTY_BODY = YES;
				CLANG_WARN_ENUM_CONVERSION = YES;
				CLANG_WARN_INFINITE_RECURSION = YES;
				CLANG_WARN_INT_CONVERSION = YES;
				CLANG_WARN_OBJC_ROOT_CLASS = YES_ERROR;
				CLANG_WARN_SUSPICIOUS_MOVES = YES;
				CLANG_WARN_UNREACHABLE_CODE = YES;
				CLANG_WARN__DUPLICATE_METHOD_MATCH = YES;
				"CODE_SIGN_IDENTITY[sdk=iphoneos*]" = "iPhone Developer";
				COPY_PHASE_STRIP = NO;
				DEBUG_INFORMATION_FORMAT = dwarf;
				ENABLE_STRICT_OBJC_MSGSEND = YES;
				ENABLE_TESTABILITY = YES;
				GCC_C_LANGUAGE_STANDARD = gnu99;
				GCC_DYNAMIC_NO_PIC = NO;
				GCC_NO_COMMON_BLOCKS = YES;
				GCC_OPTIMIZATION_LEVEL = 0;
				GCC_PREPROCESSOR_DEFINITIONS = (
					"DEBUG=1",
					"$(inherited)",
				);
				GCC_WARN_64_TO_32_BIT_CONVERSION = YES;
				GCC_WARN_ABOUT_RETURN_TYPE = YES_ERROR;
				GCC_WARN_UNDECLARED_SELECTOR = YES;
				GCC_WARN_UNINITIALIZED_AUTOS = YES_AGGRESSIVE;
				GCC_WARN_UNUSED_FUNCTION = YES;
				GCC_WARN_UNUSED_VARIABLE = YES;
				IPHONEOS_DEPLOYMENT_TARGET = 10.1;
				MTL_ENABLE_DEBUG_INFO = YES;
				ONLY_ACTIVE_ARCH = YES;
				SDKROOT = iphoneos;
			};
			name = Debug;
		};
		6B1715CA1DDD97F90086237C /* Release */ = {
			isa = XCBuildConfiguration;
			buildSettings = {
				ALWAYS_SEARCH_USER_PATHS = NO;
				CLANG_ANALYZER_NONNULL = YES;
				CLANG_CXX_LANGUAGE_STANDARD = "gnu++0x";
				CLANG_CXX_LIBRARY = "libc++";
				CLANG_ENABLE_MODULES = YES;
				CLANG_ENABLE_OBJC_ARC = YES;
				CLANG_WARN_BOOL_CONVERSION = YES;
				CLANG_WARN_CONSTANT_CONVERSION = YES;
				CLANG_WARN_DIRECT_OBJC_ISA_USAGE = YES_ERROR;
				CLANG_WARN_DOCUMENTATION_COMMENTS = YES;
				CLANG_WARN_EMPTY_BODY = YES;
				CLANG_WARN_ENUM_CONVERSION = YES;
				CLANG_WARN_INFINITE_RECURSION = YES;
				CLANG_WARN_INT_CONVERSION = YES;
				CLANG_WARN_OBJC_ROOT_CLASS = YES_ERROR;
				CLANG_WARN_SUSPICIOUS_MOVES = YES;
				CLANG_WARN_UNREACHABLE_CODE = YES;
				CLANG_WARN__DUPLICATE_METHOD_MATCH = YES;
				"CODE_SIGN_IDENTITY[sdk=iphoneos*]" = "iPhone Developer";
				COPY_PHASE_STRIP = NO;
				DEBUG_INFORMATION_FORMAT = "dwarf-with-dsym";
				ENABLE_NS_ASSERTIONS = NO;
				ENABLE_STRICT_OBJC_MSGSEND = YES;
				GCC_C_LANGUAGE_STANDARD = gnu99;
				GCC_NO_COMMON_BLOCKS = YES;
				GCC_WARN_64_TO_32_BIT_CONVERSION = YES;
				GCC_WARN_ABOUT_RETURN_TYPE = YES_ERROR;
				GCC_WARN_UNDECLARED_SELECTOR = YES;
				GCC_WARN_UNINITIALIZED_AUTOS = YES_AGGRESSIVE;
				GCC_WARN_UNUSED_FUNCTION = YES;
				GCC_WARN_UNUSED_VARIABLE = YES;
				IPHONEOS_DEPLOYMENT_TARGET = 10.1;
				MTL_ENABLE_DEBUG_INFO = NO;
				SDKROOT = iphoneos;
				VALIDATE_PRODUCT = YES;
			};
			name = Release;
		};
		6B1715CC1DDD97F90086237C /* Debug */ = {
			isa = XCBuildConfiguration;
			baseConfigurationReference = 0E20327C9549EEEC9422946F /* Pods-Demo.debug.xcconfig */;
			buildSettings = {
				ASSETCATALOG_COMPILER_APPICON_NAME = AppIcon;
				INFOPLIST_FILE = Demo/Info.plist;
				LD_RUNPATH_SEARCH_PATHS = "$(inherited) @executable_path/Frameworks";
				PRODUCT_BUNDLE_IDENTIFIER = com.pengkang.Demo;
				PRODUCT_NAME = "$(TARGET_NAME)";
			};
			name = Debug;
		};
		6B1715CD1DDD97F90086237C /* Release */ = {
			isa = XCBuildConfiguration;
			baseConfigurationReference = ACC32D73E5EC70221BD4BEC4 /* Pods-Demo.release.xcconfig */;
			buildSettings = {
				ASSETCATALOG_COMPILER_APPICON_NAME = AppIcon;
				INFOPLIST_FILE = Demo/Info.plist;
				LD_RUNPATH_SEARCH_PATHS = "$(inherited) @executable_path/Frameworks";
				PRODUCT_BUNDLE_IDENTIFIER = com.pengkang.Demo;
				PRODUCT_NAME = "$(TARGET_NAME)";
			};
			name = Release;
		};
		6B1715CF1DDD97F90086237C /* Debug */ = {
			isa = XCBuildConfiguration;
			baseConfigurationReference = 0A3B5EBBE3A7433196B4DB40 /* Pods-DemoTests.debug.xcconfig */;
			buildSettings = {
				BUNDLE_LOADER = "$(TEST_HOST)";
				INFOPLIST_FILE = DemoTests/Info.plist;
				LD_RUNPATH_SEARCH_PATHS = "$(inherited) @executable_path/Frameworks @loader_path/Frameworks";
				PRODUCT_BUNDLE_IDENTIFIER = com.pengkang.DemoTests;
				PRODUCT_NAME = "$(TARGET_NAME)";
				TEST_HOST = "$(BUILT_PRODUCTS_DIR)/Demo.app/Demo";
			};
			name = Debug;
		};
		6B1715D01DDD97F90086237C /* Release */ = {
			isa = XCBuildConfiguration;
			baseConfigurationReference = A85EACD03616AE94243C2C01 /* Pods-DemoTests.release.xcconfig */;
			buildSettings = {
				BUNDLE_LOADER = "$(TEST_HOST)";
				INFOPLIST_FILE = DemoTests/Info.plist;
				LD_RUNPATH_SEARCH_PATHS = "$(inherited) @executable_path/Frameworks @loader_path/Frameworks";
				PRODUCT_BUNDLE_IDENTIFIER = com.pengkang.DemoTests;
				PRODUCT_NAME = "$(TARGET_NAME)";
				TEST_HOST = "$(BUILT_PRODUCTS_DIR)/Demo.app/Demo";
			};
			name = Release;
		};
		6B1715D21DDD97F90086237C /* Debug */ = {
			isa = XCBuildConfiguration;
			baseConfigurationReference = CFAC2F51EEBDCFF2116D9B67 /* Pods-Demo-DemoUITests.debug.xcconfig */;
			buildSettings = {
				INFOPLIST_FILE = DemoUITests/Info.plist;
				LD_RUNPATH_SEARCH_PATHS = "$(inherited) @executable_path/Frameworks @loader_path/Frameworks";
				PRODUCT_BUNDLE_IDENTIFIER = com.pengkang.DemoUITests;
				PRODUCT_NAME = "$(TARGET_NAME)";
				TEST_TARGET_NAME = Demo;
			};
			name = Debug;
		};
		6B1715D31DDD97F90086237C /* Release */ = {
			isa = XCBuildConfiguration;
			baseConfigurationReference = 81118260D9C23FC57782559B /* Pods-Demo-DemoUITests.release.xcconfig */;
			buildSettings = {
				INFOPLIST_FILE = DemoUITests/Info.plist;
				LD_RUNPATH_SEARCH_PATHS = "$(inherited) @executable_path/Frameworks @loader_path/Frameworks";
				PRODUCT_BUNDLE_IDENTIFIER = com.pengkang.DemoUITests;
				PRODUCT_NAME = "$(TARGET_NAME)";
				TEST_TARGET_NAME = Demo;
			};
			name = Release;
		};
/* End XCBuildConfiguration section */

/* Begin XCConfigurationList section */
		6B1715991DDD97F80086237C /* Build configuration list for PBXProject "Demo" */ = {
			isa = XCConfigurationList;
			buildConfigurations = (
				6B1715C91DDD97F90086237C /* Debug */,
				6B1715CA1DDD97F90086237C /* Release */,
			);
			defaultConfigurationIsVisible = 0;
			defaultConfigurationName = Release;
		};
		6B1715CB1DDD97F90086237C /* Build configuration list for PBXNativeTarget "Demo" */ = {
			isa = XCConfigurationList;
			buildConfigurations = (
				6B1715CC1DDD97F90086237C /* Debug */,
				6B1715CD1DDD97F90086237C /* Release */,
			);
			defaultConfigurationIsVisible = 0;
		};
		6B1715CE1DDD97F90086237C /* Build configuration list for PBXNativeTarget "DemoTests" */ = {
			isa = XCConfigurationList;
			buildConfigurations = (
				6B1715CF1DDD97F90086237C /* Debug */,
				6B1715D01DDD97F90086237C /* Release */,
			);
			defaultConfigurationIsVisible = 0;
		};
		6B1715D11DDD97F90086237C /* Build configuration list for PBXNativeTarget "DemoUITests" */ = {
			isa = XCConfigurationList;
			buildConfigurations = (
				6B1715D21DDD97F90086237C /* Debug */,
				6B1715D31DDD97F90086237C /* Release */,
			);
			defaultConfigurationIsVisible = 0;
		};
/* End XCConfigurationList section */
	};
	rootObject = 6B1715961DDD97F80086237C /* Project object */;
}
